
Microsoft Visual Studio Solution File, Format Version 12.00
# Visual Studio Version 17
VisualStudioVersion = 17.3.32901.215
MinimumVisualStudioVersion = 10.0.40219.1
Project("{888888A0-9F3D-457C-B088-3A5042F75D52}") = "HachimiMinecraftLauncher", "HachimiMinecraftLauncher.pyproj", "{104D79A5-68E0-40A0-A73F-319B099AF02A}"
EndProject
Global
	GlobalSection(SolutionConfigurationPlatforms) = preSolution
		Debug|Any CPU = Debug|Any CPU
		Release|Any CPU = Release|Any CPU
	EndGlobalSection
	GlobalSection(ProjectConfigurationPlatforms) = postSolution
		{104D79A5-68E0-40A0-A73F-319B099AF02A}.Debug|Any CPU.ActiveCfg = Debug|Any CPU
		{104D79A5-68E0-40A0-A73F-319B099AF02A}.Release|Any CPU.ActiveCfg = Release|Any CPU
	EndGlobalSection
	GlobalSection(SolutionProperties) = preSolution
		HideSolutionNode = FALSE
	EndGlobalSection
	GlobalSection(ExtensibilityGlobals) = postSolution
		SolutionGuid = {EE439A62-00AF-4003-A1CF-B8634418324A}
	EndGlobalSection
EndGlobal
